
Microsoft Visual Studio Solution File, Format Version 12.00
# Visual Studio Version 16
VisualStudioVersion = 16.0.30907.101
MinimumVisualStudioVersion = 10.0.40219.1
Project("{FAE04EC0-301F-11D3-BF4B-00C04F79EFBC}") = "GridGame", "GridGame.csproj", "{87121C8B-BFDF-4775-B798-E4366EA561BD}"
EndProject
Global
	GlobalSection(SolutionConfigurationPlatforms) = preSolution
		Debug|Any CPU = Debug|Any CPU
		Release|Any CPU = Release|Any CPU
	EndGlobalSection
	GlobalSection(ProjectConfigurationPlatforms) = postSolution
		{87121C8B-BFDF-4775-B798-E4366EA561BD}.Debug|Any CPU.ActiveCfg = Debug|Any CPU
		{87121C8B-BFDF-4775-B798-E4366EA561BD}.Debug|Any CPU.Build.0 = Debug|Any CPU
		{87121C8B-BFDF-4775-B798-E4366EA561BD}.Release|Any CPU.ActiveCfg = Release|Any CPU
		{87121C8B-BFDF-4775-B798-E4366EA561BD}.Release|Any CPU.Build.0 = Release|Any CPU
	EndGlobalSection
	GlobalSection(SolutionProperties) = preSolution
		HideSolutionNode = FALSE
	EndGlobalSection
	GlobalSection(ExtensibilityGlobals) = postSolution
		SolutionGuid = {8A26D8C8-2634-4FD8-BE93-447EE0FA99F4}
	EndGlobalSection
EndGlobal
